{
  "name": "freest-lsp",
  "version": "1.0.1",
  "lockfileVersion": 1,
  "requires": true,
  "dependencies": {
    "@types/node": {
      "version": "14.18.31",
      "resolved": "https://registry.npmjs.org/@types/node/-/node-14.18.31.tgz",
      "integrity": "sha512-vQAnaReSQkEDa8uwAyQby8bYGKu84R/deEc6mg5T8fX6gzCn8QW6rziSgsti1fNvsrswKUKPnVTi7uoB+u62Mw==",
      "dev": true
    },
    "typescript": {
      "version": "4.8.4",
      "resolved": "https://registry.npmjs.org/typescript/-/typescript-4.8.4.tgz",
      "integrity": "sha512-QCh+85mCy+h0IGff8r5XWzOVSbBO+KfeYrMQh7NJ58QujwcE22u+NUSmUxqF+un70P9GXKxa2HCNiTTMJknyjQ==",
      "dev": true
    }
  }
}
